// !$*UTF8*$!
{
	archiveVersion = 1;
	classes = {
	};
	objectVersion = 50;
	objects = {

/* Begin PBXBuildFile section */
		15720F0921B38929004D97DF /* AppDelegate.swift in Sources */ = {isa = PBXBuildFile; fileRef = 15720F0821B38929004D97DF /* AppDelegate.swift */; };
		15720F0E21B38929004D97DF /* Main.storyboard in Resources */ = {isa = PBXBuildFile; fileRef = 15720F0C21B38929004D97DF /* Main.storyboard */; };
		15720F1021B3892A004D97DF /* Assets.xcassets in Resources */ = {isa = PBXBuildFile; fileRef = 15720F0F21B3892A004D97DF /* Assets.xcassets */; };
		15720F1321B3892A004D97DF /* LaunchScreen.storyboard in Resources */ = {isa = PBXBuildFile; fileRef = 15720F1121B3892A004D97DF /* LaunchScreen.storyboard */; };
		159DA0BE21B4917600FF1529 /* HomeTableViewController.swift in Sources */ = {isa = PBXBuildFile; fileRef = 159DA0BD21B4917600FF1529 /* HomeTableViewController.swift */; };
		159DA0C021B4918400FF1529 /* DiscoverTableViewController.swift in Sources */ = {isa = PBXBuildFile; fileRef = 159DA0BF21B4918400FF1529 /* DiscoverTableViewController.swift */; };
		159DA0C221B4919100FF1529 /* MessageTableViewController.swift in Sources */ = {isa = PBXBuildFile; fileRef = 159DA0C121B4919100FF1529 /* MessageTableViewController.swift */; };
		159DA0C621B4922800FF1529 /* MainViewController.swift in Sources */ = {isa = PBXBuildFile; fileRef = 159DA0C521B4922800FF1529 /* MainViewController.swift */; };
		15C2FC5421B4BC42005526D2 /* ProfileTableViewController.swift in Sources */ = {isa = PBXBuildFile; fileRef = 15C2FC5321B4BC42005526D2 /* ProfileTableViewController.swift */; };
		15C2FC5721B4BC6D005526D2 /* MainVCSettings.json in Resources */ = {isa = PBXBuildFile; fileRef = 15C2FC5621B4BC6D005526D2 /* MainVCSettings.json */; };
		15D720E921B4DB2D00D4F489 /* UIButton-extension.swift in Sources */ = {isa = PBXBuildFile; fileRef = 15D720E821B4DB2D00D4F489 /* UIButton-extension.swift */; };
		15D720EC21B4ECD200D4F489 /* BaseTableViewController.swift in Sources */ = {isa = PBXBuildFile; fileRef = 15D720EB21B4ECD200D4F489 /* BaseTableViewController.swift */; };
		15D720EE21B4EDA000D4F489 /* VisitorView.swift in Sources */ = {isa = PBXBuildFile; fileRef = 15D720ED21B4EDA000D4F489 /* VisitorView.swift */; };
		15D720F021B4F23C00D4F489 /* VisitorView.xib in Resources */ = {isa = PBXBuildFile; fileRef = 15D720EF21B4F23C00D4F489 /* VisitorView.xib */; };
/* End PBXBuildFile section */

/* Begin PBXFileReference section */
		15720F0521B38929004D97DF /* XLTWeibo.app */ = {isa = PBXFileReference; explicitFileType = wrapper.application; includeInIndex = 0; path = XLTWeibo.app; sourceTree = BUILT_PRODUCTS_DIR; };
		15720F0821B38929004D97DF /* AppDelegate.swift */ = {isa = PBXFileReference; lastKnownFileType = sourcecode.swift; path = AppDelegate.swift; sourceTree = "<group>"; };
		15720F0D21B38929004D97DF /* Base */ = {isa = PBXFileReference; lastKnownFileType = file.storyboard; name = Base; path = Base.lproj/Main.storyboard; sourceTree = "<group>"; };
		15720F0F21B3892A004D97DF /* Assets.xcassets */ = {isa = PBXFileReference; lastKnownFileType = folder.assetcatalog; path = Assets.xcassets; sourceTree = "<group>"; };
		15720F1221B3892A004D97DF /* Base */ = {isa = PBXFileReference; lastKnownFileType = file.storyboard; name = Base; path = Base.lproj/LaunchScreen.storyboard; sourceTree = "<group>"; };
		15720F1421B3892A004D97DF /* Info.plist */ = {isa = PBXFileReference; lastKnownFileType = text.plist.xml; path = Info.plist; sourceTree = "<group>"; };
		159DA0BD21B4917600FF1529 /* HomeTableViewController.swift */ = {isa = PBXFileReference; lastKnownFileType = sourcecode.swift; path = HomeTableViewController.swift; sourceTree = "<group>"; };
		159DA0BF21B4918400FF1529 /* DiscoverTableViewController.swift */ = {isa = PBXFileReference; lastKnownFileType = sourcecode.swift; path = DiscoverTableViewController.swift; sourceTree = "<group>"; };
		159DA0C121B4919100FF1529 /* MessageTableViewController.swift */ = {isa = PBXFileReference; lastKnownFileType = sourcecode.swift; path = MessageTableViewController.swift; sourceTree = "<group>"; };
		159DA0C521B4922800FF1529 /* MainViewController.swift */ = {isa = PBXFileReference; lastKnownFileType = sourcecode.swift; path = MainViewController.swift; sourceTree = "<group>"; };
		15C2FC5321B4BC42005526D2 /* ProfileTableViewController.swift */ = {isa = PBXFileReference; lastKnownFileType = sourcecode.swift; path = ProfileTableViewController.swift; sourceTree = "<group>"; };
		15C2FC5621B4BC6D005526D2 /* MainVCSettings.json */ = {isa = PBXFileReference; fileEncoding = 4; lastKnownFileType = text.json; path = MainVCSettings.json; sourceTree = "<group>"; };
		15D720E821B4DB2D00D4F489 /* UIButton-extension.swift */ = {isa = PBXFileReference; lastKnownFileType = sourcecode.swift; path = "UIButton-extension.swift"; sourceTree = "<group>"; };
		15D720EB21B4ECD200D4F489 /* BaseTableViewController.swift */ = {isa = PBXFileReference; lastKnownFileType = sourcecode.swift; path = BaseTableViewController.swift; sourceTree = "<group>"; };
		15D720ED21B4EDA000D4F489 /* VisitorView.swift */ = {isa = PBXFileReference; lastKnownFileType = sourcecode.swift; path = VisitorView.swift; sourceTree = "<group>"; };
		15D720EF21B4F23C00D4F489 /* VisitorView.xib */ = {isa = PBXFileReference; lastKnownFileType = file.xib; path = VisitorView.xib; sourceTree = "<group>"; };
/* End PBXFileReference section */

/* Begin PBXFrameworksBuildPhase section */
		15720F0221B38929004D97DF /* Frameworks */ = {
			isa = PBXFrameworksBuildPhase;
			buildActionMask = 2147483647;
			files = (
			);
			runOnlyForDeploymentPostprocessing = 0;
		};
/* End PBXFrameworksBuildPhase section */

/* Begin PBXGroup section */
		15720EFC21B38929004D97DF = {
			isa = PBXGroup;
			children = (
				15720F0721B38929004D97DF /* XLTWeibo */,
				15720F0621B38929004D97DF /* Products */,
			);
			sourceTree = "<group>";
		};
		15720F0621B38929004D97DF /* Products */ = {
			isa = PBXGroup;
			children = (
				15720F0521B38929004D97DF /* XLTWeibo.app */,
			);
			name = Products;
			sourceTree = "<group>";
		};
		15720F0721B38929004D97DF /* XLTWeibo */ = {
			isa = PBXGroup;
			children = (
				15B8E6A821B392E700E29B8D /* Classes */,
				15D720E721B4DB1200D4F489 /* Tools */,
				15720F0821B38929004D97DF /* AppDelegate.swift */,
				15720F0C21B38929004D97DF /* Main.storyboard */,
				15720F0F21B3892A004D97DF /* Assets.xcassets */,
				15720F1121B3892A004D97DF /* LaunchScreen.storyboard */,
				15720F1421B3892A004D97DF /* Info.plist */,
			);
			path = XLTWeibo;
			sourceTree = "<group>";
		};
		15B8E6A821B392E700E29B8D /* Classes */ = {
			isa = PBXGroup;
			children = (
				15B8E6AD21B392E700E29B8D /* Main */,
				15B8E6A921B392E700E29B8D /* Home */,
				15B8E6AA21B392E700E29B8D /* Discover */,
				15B8E6AB21B392E700E29B8D /* Message */,
				15B8E6AC21B392E700E29B8D /* Profile */,
			);
			path = Classes;
			sourceTree = "<group>";
		};
		15B8E6A921B392E700E29B8D /* Home */ = {
			isa = PBXGroup;
			children = (
				159DA0BD21B4917600FF1529 /* HomeTableViewController.swift */,
			);
			path = Home;
			sourceTree = "<group>";
		};
		15B8E6AA21B392E700E29B8D /* Discover */ = {
			isa = PBXGroup;
			children = (
				159DA0BF21B4918400FF1529 /* DiscoverTableViewController.swift */,
			);
			path = Discover;
			sourceTree = "<group>";
		};
		15B8E6AB21B392E700E29B8D /* Message */ = {
			isa = PBXGroup;
			children = (
				159DA0C121B4919100FF1529 /* MessageTableViewController.swift */,
			);
			path = Message;
			sourceTree = "<group>";
		};
		15B8E6AC21B392E700E29B8D /* Profile */ = {
			isa = PBXGroup;
			children = (
				15C2FC5321B4BC42005526D2 /* ProfileTableViewController.swift */,
			);
			path = Profile;
			sourceTree = "<group>";
		};
		15B8E6AD21B392E700E29B8D /* Main */ = {
			isa = PBXGroup;
			children = (
				15D720EA21B4ECBF00D4F489 /* Base */,
				159DA0C521B4922800FF1529 /* MainViewController.swift */,
				15C2FC5521B4BC6D005526D2 /* Resource */,
			);
			path = Main;
			sourceTree = "<group>";
		};
		15C2FC5521B4BC6D005526D2 /* Resource */ = {
			isa = PBXGroup;
			children = (
				15C2FC5621B4BC6D005526D2 /* MainVCSettings.json */,
			);
			path = Resource;
			sourceTree = "<group>";
		};
		15D720E721B4DB1200D4F489 /* Tools */ = {
			isa = PBXGroup;
			children = (
				15D720E821B4DB2D00D4F489 /* UIButton-extension.swift */,
			);
			name = Tools;
			path = XLTWeibo/Tools;
			sourceTree = SOURCE_ROOT;
		};
		15D720EA21B4ECBF00D4F489 /* Base */ = {
			isa = PBXGroup;
			children = (
				15D720EB21B4ECD200D4F489 /* BaseTableViewController.swift */,
				15D720ED21B4EDA000D4F489 /* VisitorView.swift */,
				15D720EF21B4F23C00D4F489 /* VisitorView.xib */,
			);
			path = Base;
			sourceTree = "<group>";
		};
/* End PBXGroup section */

/* Begin PBXNativeTarget section */
		15720F0421B38929004D97DF /* XLTWeibo */ = {
			isa = PBXNativeTarget;
			buildConfigurationList = 15720F1721B3892A004D97DF /* Build configuration list for PBXNativeTarget "XLTWeibo" */;
			buildPhases = (
				15720F0121B38929004D97DF /* Sources */,
				15720F0221B38929004D97DF /* Frameworks */,
				15720F0321B38929004D97DF /* Resources */,
			);
			buildRules = (
			);
			dependencies = (
			);
			name = XLTWeibo;
			productName = XLTWeibo;
			productReference = 15720F0521B38929004D97DF /* XLTWeibo.app */;
			productType = "com.apple.product-type.application";
		};
/* End PBXNativeTarget section */

/* Begin PBXProject section */
		15720EFD21B38929004D97DF /* Project object */ = {
			isa = PBXProject;
			attributes = {
				LastSwiftUpdateCheck = 0930;
				LastUpgradeCheck = 0930;
				ORGANIZATIONNAME = "Xiaolu Tian";
				TargetAttributes = {
					15720F0421B38929004D97DF = {
						CreatedOnToolsVersion = 9.3;
					};
				};
			};
			buildConfigurationList = 15720F0021B38929004D97DF /* Build configuration list for PBXProject "XLTWeibo" */;
			compatibilityVersion = "Xcode 9.3";
			developmentRegion = en;
			hasScannedForEncodings = 0;
			knownRegions = (
				en,
				Base,
			);
			mainGroup = 15720EFC21B38929004D97DF;
			productRefGroup = 15720F0621B38929004D97DF /* Products */;
			projectDirPath = "";
			projectRoot = "";
			targets = (
				15720F0421B38929004D97DF /* XLTWeibo */,
			);
		};
/* End PBXProject section */

/* Begin PBXResourcesBuildPhase section */
		15720F0321B38929004D97DF /* Resources */ = {
			isa = PBXResourcesBuildPhase;
			buildActionMask = 2147483647;
			files = (
				15C2FC5721B4BC6D005526D2 /* MainVCSettings.json in Resources */,
				15D720F021B4F23C00D4F489 /* VisitorView.xib in Resources */,
				15720F1321B3892A004D97DF /* LaunchScreen.storyboard in Resources */,
				15720F1021B3892A004D97DF /* Assets.xcassets in Resources */,
				15720F0E21B38929004D97DF /* Main.storyboard in Resources */,
			);
			runOnlyForDeploymentPostprocessing = 0;
		};
/* End PBXResourcesBuildPhase section */

/* Begin PBXSourcesBuildPhase section */
		15720F0121B38929004D97DF /* Sources */ = {
			isa = PBXSourcesBuildPhase;
			buildActionMask = 2147483647;
			files = (
				15C2FC5421B4BC42005526D2 /* ProfileTableViewController.swift in Sources */,
				159DA0BE21B4917600FF1529 /* HomeTableViewController.swift in Sources */,
				15D720EC21B4ECD200D4F489 /* BaseTableViewController.swift in Sources */,
				15D720E921B4DB2D00D4F489 /* UIButton-extension.swift in Sources */,
				159DA0C021B4918400FF1529 /* DiscoverTableViewController.swift in Sources */,
				159DA0C621B4922800FF1529 /* MainViewController.swift in Sources */,
				159DA0C221B4919100FF1529 /* MessageTableViewController.swift in Sources */,
				15D720EE21B4EDA000D4F489 /* VisitorView.swift in Sources */,
				15720F0921B38929004D97DF /* AppDelegate.swift in Sources */,
			);
			runOnlyForDeploymentPostprocessing = 0;
		};
/* End PBXSourcesBuildPhase section */

/* Begin PBXVariantGroup section */
		15720F0C21B38929004D97DF /* Main.storyboard */ = {
			isa = PBXVariantGroup;
			children = (
				15720F0D21B38929004D97DF /* Base */,
			);
			name = Main.storyboard;
			sourceTree = "<group>";
		};
		15720F1121B3892A004D97DF /* LaunchScreen.storyboard */ = {
			isa = PBXVariantGroup;
			children = (
				15720F1221B3892A004D97DF /* Base */,
			);
			name = LaunchScreen.storyboard;
			sourceTree = "<group>";
		};
/* End PBXVariantGroup section */

/* Begin XCBuildConfiguration section */
		15720F1521B3892A004D97DF /* Debug */ = {
			isa = XCBuildConfiguration;
			buildSettings = {
				ALWAYS_SEARCH_USER_PATHS = NO;
				CLANG_ANALYZER_NONNULL = YES;
				CLANG_ANALYZER_NUMBER_OBJECT_CONVERSION = YES_AGGRESSIVE;
				CLANG_CXX_LANGUAGE_STANDARD = "gnu++14";
				CLANG_CXX_LIBRARY = "libc++";
				CLANG_ENABLE_MODULES = YES;
				CLANG_ENABLE_OBJC_ARC = YES;
				CLANG_ENABLE_OBJC_WEAK = YES;
				CLANG_WARN_BLOCK_CAPTURE_AUTORELEASING = YES;
				CLANG_WARN_BOOL_CONVERSION = YES;
				CLANG_WARN_COMMA = YES;
				CLANG_WARN_CONSTANT_CONVERSION = YES;
				CLANG_WARN_DEPRECATED_OBJC_IMPLEMENTATIONS = YES;
				CLANG_WARN_DIRECT_OBJC_ISA_USAGE = YES_ERROR;
				CLANG_WARN_DOCUMENTATION_COMMENTS = YES;
				CLANG_WARN_EMPTY_BODY = YES;
				CLANG_WARN_ENUM_CONVERSION = YES;
				CLANG_WARN_INFINITE_RECURSION = YES;
				CLANG_WARN_INT_CONVERSION = YES;
				CLANG_WARN_NON_LITERAL_NULL_CONVERSION = YES;
				CLANG_WARN_OBJC_IMPLICIT_RETAIN_SELF = YES;
				CLANG_WARN_OBJC_LITERAL_CONVERSION = YES;
				CLANG_WARN_OBJC_ROOT_CLASS = YES_ERROR;
				CLANG_WARN_RANGE_LOOP_ANALYSIS = YES;
				CLANG_WARN_STRICT_PROTOTYPES = YES;
				CLANG_WARN_SUSPICIOUS_MOVE = YES;
				CLANG_WARN_UNGUARDED_AVAILABILITY = YES_AGGRESSIVE;
				CLANG_WARN_UNREACHABLE_CODE = YES;
				CLANG_WARN__DUPLICATE_METHOD_MATCH = YES;
				CODE_SIGN_IDENTITY = "iPhone Developer";
				COPY_PHASE_STRIP = NO;
				DEBUG_INFORMATION_FORMAT = dwarf;
				ENABLE_STRICT_OBJC_MSGSEND = YES;
				ENABLE_TESTABILITY = YES;
				GCC_C_LANGUAGE_STANDARD = gnu11;
				GCC_DYNAMIC_NO_PIC = NO;
				GCC_NO_COMMON_BLOCKS = YES;
				GCC_OPTIMIZATION_LEVEL = 0;
				GCC_PREPROCESSOR_DEFINITIONS = (
					"DEBUG=1",
					"$(inherited)",
				);
				GCC_WARN_64_TO_32_BIT_CONVERSION = YES;
				GCC_WARN_ABOUT_RETURN_TYPE = YES_ERROR;
				GCC_WARN_UNDECLARED_SELECTOR = YES;
				GCC_WARN_UNINITIALIZED_AUTOS = YES_AGGRESSIVE;
				GCC_WARN_UNUSED_FUNCTION = YES;
				GCC_WARN_UNUSED_VARIABLE = YES;
				IPHONEOS_DEPLOYMENT_TARGET = 11.3;
				MTL_ENABLE_DEBUG_INFO = YES;
				ONLY_ACTIVE_ARCH = YES;
				SDKROOT = iphoneos;
				SWIFT_ACTIVE_COMPILATION_CONDITIONS = DEBUG;
				SWIFT_OPTIMIZATION_LEVEL = "-Onone";
			};
			name = Debug;
		};
		15720F1621B3892A004D97DF /* Release */ = {
			isa = XCBuildConfiguration;
			buildSettings = {
				ALWAYS_SEARCH_USER_PATHS = NO;
				CLANG_ANALYZER_NONNULL = YES;
				CLANG_ANALYZER_NUMBER_OBJECT_CONVERSION = YES_AGGRESSIVE;
				CLANG_CXX_LANGUAGE_STANDARD = "gnu++14";
				CLANG_CXX_LIBRARY = "libc++";
				CLANG_ENABLE_MODULES = YES;
				CLANG_ENABLE_OBJC_ARC = YES;
				CLANG_ENABLE_OBJC_WEAK = YES;
				CLANG_WARN_BLOCK_CAPTURE_AUTORELEASING = YES;
				CLANG_WARN_BOOL_CONVERSION = YES;
				CLANG_WARN_COMMA = YES;
				CLANG_WARN_CONSTANT_CONVERSION = YES;
				CLANG_WARN_DEPRECATED_OBJC_IMPLEMENTATIONS = YES;
				CLANG_WARN_DIRECT_OBJC_ISA_USAGE = YES_ERROR;
				CLANG_WARN_DOCUMENTATION_COMMENTS = YES;
				CLANG_WARN_EMPTY_BODY = YES;
				CLANG_WARN_ENUM_CONVERSION = YES;
				CLANG_WARN_INFINITE_RECURSION = YES;
				CLANG_WARN_INT_CONVERSION = YES;
				CLANG_WARN_NON_LITERAL_NULL_CONVERSION = YES;
				CLANG_WARN_OBJC_IMPLICIT_RETAIN_SELF = YES;
				CLANG_WARN_OBJC_LITERAL_CONVERSION = YES;
				CLANG_WARN_OBJC_ROOT_CLASS = YES_ERROR;
				CLANG_WARN_RANGE_LOOP_ANALYSIS = YES;
				CLANG_WARN_STRICT_PROTOTYPES = YES;
				CLANG_WARN_SUSPICIOUS_MOVE = YES;
				CLANG_WARN_UNGUARDED_AVAILABILITY = YES_AGGRESSIVE;
				CLANG_WARN_UNREACHABLE_CODE = YES;
				CLANG_WARN__DUPLICATE_METHOD_MATCH = YES;
				CODE_SIGN_IDENTITY = "iPhone Developer";
				COPY_PHASE_STRIP = NO;
				DEBUG_INFORMATION_FORMAT = "dwarf-with-dsym";
				ENABLE_NS_ASSERTIONS = NO;
				ENABLE_STRICT_OBJC_MSGSEND = YES;
				GCC_C_LANGUAGE_STANDARD = gnu11;
				GCC_NO_COMMON_BLOCKS = YES;
				GCC_WARN_64_TO_32_BIT_CONVERSION = YES;
				GCC_WARN_ABOUT_RETURN_TYPE = YES_ERROR;
				GCC_WARN_UNDECLARED_SELECTOR = YES;
				GCC_WARN_UNINITIALIZED_AUTOS = YES_AGGRESSIVE;
				GCC_WARN_UNUSED_FUNCTION = YES;
				GCC_WARN_UNUSED_VARIABLE = YES;
				IPHONEOS_DEPLOYMENT_TARGET = 11.3;
				MTL_ENABLE_DEBUG_INFO = NO;
				SDKROOT = iphoneos;
				SWIFT_COMPILATION_MODE = wholemodule;
				SWIFT_OPTIMIZATION_LEVEL = "-O";
				VALIDATE_PRODUCT = YES;
			};
			name = Release;
		};
		15720F1821B3892A004D97DF /* Debug */ = {
			isa = XCBuildConfiguration;
			buildSettings = {
				ASSETCATALOG_COMPILER_APPICON_NAME = AppIcon;
				ASSETCATALOG_COMPILER_LAUNCHIMAGE_NAME = "LaunchImage-2";
				CODE_SIGN_IDENTITY = "iPhone Developer";
				CODE_SIGN_STYLE = Automatic;
				DEVELOPMENT_TEAM = P68JQ97L97;
				INFOPLIST_FILE = XLTWeibo/Info.plist;
				LD_RUNPATH_SEARCH_PATHS = (
					"$(inherited)",
					"@executable_path/Frameworks",
				);
				PRODUCT_BUNDLE_IDENTIFIER = com.xlt.XLTWeibo;
				PRODUCT_NAME = "$(TARGET_NAME)";
				PROVISIONING_PROFILE_SPECIFIER = "";
				SWIFT_VERSION = 4.0;
				TARGETED_DEVICE_FAMILY = "1,2";
			};
			name = Debug;
		};
		15720F1921B3892A004D97DF /* Release */ = {
			isa = XCBuildConfiguration;
			buildSettings = {
				ASSETCATALOG_COMPILER_APPICON_NAME = AppIcon;
				ASSETCATALOG_COMPILER_LAUNCHIMAGE_NAME = "LaunchImage-2";
				CODE_SIGN_IDENTITY = "iPhone Developer";
				CODE_SIGN_STYLE = Automatic;
				DEVELOPMENT_TEAM = P68JQ97L97;
				INFOPLIST_FILE = XLTWeibo/Info.plist;
				LD_RUNPATH_SEARCH_PATHS = (
					"$(inherited)",
					"@executable_path/Frameworks",
				);
				PRODUCT_BUNDLE_IDENTIFIER = com.xlt.XLTWeibo;
				PRODUCT_NAME = "$(TARGET_NAME)";
				PROVISIONING_PROFILE_SPECIFIER = "";
				SWIFT_VERSION = 4.0;
				TARGETED_DEVICE_FAMILY = "1,2";
			};
			name = Release;
		};
/* End XCBuildConfiguration section */

/* Begin XCConfigurationList section */
		15720F0021B38929004D97DF /* Build configuration list for PBXProject "XLTWeibo" */ = {
			isa = XCConfigurationList;
			buildConfigurations = (
				15720F1521B3892A004D97DF /* Debug */,
				15720F1621B3892A004D97DF /* Release */,
			);
			defaultConfigurationIsVisible = 0;
			defaultConfigurationName = Release;
		};
		15720F1721B3892A004D97DF /* Build configuration list for PBXNativeTarget "XLTWeibo" */ = {
			isa = XCConfigurationList;
			buildConfigurations = (
				15720F1821B3892A004D97DF /* Debug */,
				15720F1921B3892A004D97DF /* Release */,
			);
			defaultConfigurationIsVisible = 0;
			defaultConfigurationName = Release;
		};
/* End XCConfigurationList section */
	};
	rootObject = 15720EFD21B38929004D97DF /* Project object */;
}
