// !$*UTF8*$!
{
	archiveVersion = 1;
	classes = {
	};
	objectVersion = 50;
	objects = {

/* Begin PBXBuildFile section */
		15236B3921BC99DB00AB0762 /* WelcomeViewController.swift in Sources */ = {isa = PBXBuildFile; fileRef = 15236B3721BC99DB00AB0762 /* WelcomeViewController.swift */; };
		15236B3A21BC99DB00AB0762 /* WelcomeViewController.xib in Resources */ = {isa = PBXBuildFile; fileRef = 15236B3821BC99DB00AB0762 /* WelcomeViewController.xib */; };
		15236B3C21BC9FC500AB0762 /* UserModal.swift in Sources */ = {isa = PBXBuildFile; fileRef = 15236B3B21BC9FC500AB0762 /* UserModal.swift */; };
		15236B3F21BDB22E00AB0762 /* Status.swift in Sources */ = {isa = PBXBuildFile; fileRef = 15236B3E21BDB22E00AB0762 /* Status.swift */; };
		15236B4421BDB83900AB0762 /* HomeTableViewCell.swift in Sources */ = {isa = PBXBuildFile; fileRef = 15236B4221BDB83900AB0762 /* HomeTableViewCell.swift */; };
		15236B4521BDB83900AB0762 /* HomeTableViewCell.xib in Resources */ = {isa = PBXBuildFile; fileRef = 15236B4321BDB83900AB0762 /* HomeTableViewCell.xib */; };
		15236B4721BDCBF700AB0762 /* NSDate-extension.swift in Sources */ = {isa = PBXBuildFile; fileRef = 15236B4621BDCBF700AB0762 /* NSDate-extension.swift */; };
		15236B4921BDD40700AB0762 /* User.swift in Sources */ = {isa = PBXBuildFile; fileRef = 15236B4821BDD40700AB0762 /* User.swift */; };
		15236B4B21BDDAC000AB0762 /* StatusViewModal.swift in Sources */ = {isa = PBXBuildFile; fileRef = 15236B4A21BDDAC000AB0762 /* StatusViewModal.swift */; };
		15720F0921B38929004D97DF /* AppDelegate.swift in Sources */ = {isa = PBXBuildFile; fileRef = 15720F0821B38929004D97DF /* AppDelegate.swift */; };
		15720F0E21B38929004D97DF /* Main.storyboard in Resources */ = {isa = PBXBuildFile; fileRef = 15720F0C21B38929004D97DF /* Main.storyboard */; };
		15720F1021B3892A004D97DF /* Assets.xcassets in Resources */ = {isa = PBXBuildFile; fileRef = 15720F0F21B3892A004D97DF /* Assets.xcassets */; };
		15720F1321B3892A004D97DF /* LaunchScreen.storyboard in Resources */ = {isa = PBXBuildFile; fileRef = 15720F1121B3892A004D97DF /* LaunchScreen.storyboard */; };
		1573B1A921B8E59800EBD518 /* AppInfo.swift in Sources */ = {isa = PBXBuildFile; fileRef = 1573B1A821B8E59800EBD518 /* AppInfo.swift */; };
		1573B1AC21B8E65900EBD518 /* OAuth2ViewController.swift in Sources */ = {isa = PBXBuildFile; fileRef = 1573B1AB21B8E65900EBD518 /* OAuth2ViewController.swift */; };
		1573B1B021B8E9A300EBD518 /* WebKit.framework in Frameworks */ = {isa = PBXBuildFile; fileRef = 1573B1AF21B8E9A200EBD518 /* WebKit.framework */; };
		1573B1B221B8F7B000EBD518 /* NetWorkingManager.swift in Sources */ = {isa = PBXBuildFile; fileRef = 1573B1B121B8F7B000EBD518 /* NetWorkingManager.swift */; };
		159DA0BE21B4917600FF1529 /* HomeTableViewController.swift in Sources */ = {isa = PBXBuildFile; fileRef = 159DA0BD21B4917600FF1529 /* HomeTableViewController.swift */; };
		159DA0C021B4918400FF1529 /* DiscoverTableViewController.swift in Sources */ = {isa = PBXBuildFile; fileRef = 159DA0BF21B4918400FF1529 /* DiscoverTableViewController.swift */; };
		159DA0C221B4919100FF1529 /* MessageTableViewController.swift in Sources */ = {isa = PBXBuildFile; fileRef = 159DA0C121B4919100FF1529 /* MessageTableViewController.swift */; };
		159DA0C621B4922800FF1529 /* MainViewController.swift in Sources */ = {isa = PBXBuildFile; fileRef = 159DA0C521B4922800FF1529 /* MainViewController.swift */; };
		15C2FC5421B4BC42005526D2 /* ProfileTableViewController.swift in Sources */ = {isa = PBXBuildFile; fileRef = 15C2FC5321B4BC42005526D2 /* ProfileTableViewController.swift */; };
		15C2FC5721B4BC6D005526D2 /* MainVCSettings.json in Resources */ = {isa = PBXBuildFile; fileRef = 15C2FC5621B4BC6D005526D2 /* MainVCSettings.json */; };
		15D720E921B4DB2D00D4F489 /* UIButton-extension.swift in Sources */ = {isa = PBXBuildFile; fileRef = 15D720E821B4DB2D00D4F489 /* UIButton-extension.swift */; };
		15D720EC21B4ECD200D4F489 /* BaseTableViewController.swift in Sources */ = {isa = PBXBuildFile; fileRef = 15D720EB21B4ECD200D4F489 /* BaseTableViewController.swift */; };
		15D720EE21B4EDA000D4F489 /* VisitorView.swift in Sources */ = {isa = PBXBuildFile; fileRef = 15D720ED21B4EDA000D4F489 /* VisitorView.swift */; };
		15D720F021B4F23C00D4F489 /* VisitorView.xib in Resources */ = {isa = PBXBuildFile; fileRef = 15D720EF21B4F23C00D4F489 /* VisitorView.xib */; };
		15D720F221B521EF00D4F489 /* UIBarButtonItem-extension.swift in Sources */ = {isa = PBXBuildFile; fileRef = 15D720F121B521EF00D4F489 /* UIBarButtonItem-extension.swift */; };
		15D720F521B5284A00D4F489 /* TitleButton.swift in Sources */ = {isa = PBXBuildFile; fileRef = 15D720F421B5284A00D4F489 /* TitleButton.swift */; };
		15DA4C9521B63F2C009B75A8 /* PopoverViewController.swift in Sources */ = {isa = PBXBuildFile; fileRef = 15DA4C9321B63F2C009B75A8 /* PopoverViewController.swift */; };
		15DA4C9621B63F2C009B75A8 /* PopoverViewController.xib in Resources */ = {isa = PBXBuildFile; fileRef = 15DA4C9421B63F2C009B75A8 /* PopoverViewController.xib */; };
		15DA4C9821B640B2009B75A8 /* PopOverPresentationController.swift in Sources */ = {isa = PBXBuildFile; fileRef = 15DA4C9721B640B2009B75A8 /* PopOverPresentationController.swift */; };
		15DA4C9A21B65AA4009B75A8 /* PopOverAnimator.swift in Sources */ = {isa = PBXBuildFile; fileRef = 15DA4C9921B65AA4009B75A8 /* PopOverAnimator.swift */; };
		15F4832921BA289200CA4639 /* UserAccount.swift in Sources */ = {isa = PBXBuildFile; fileRef = 15F4832821BA289200CA4639 /* UserAccount.swift */; };
		6283AC8B666292218B296949 /* Pods_XLTWeibo.framework in Frameworks */ = {isa = PBXBuildFile; fileRef = 45D119CA17FE9FCD98993FE0 /* Pods_XLTWeibo.framework */; };
/* End PBXBuildFile section */

/* Begin PBXFileReference section */
		15236B3721BC99DB00AB0762 /* WelcomeViewController.swift */ = {isa = PBXFileReference; lastKnownFileType = sourcecode.swift; path = WelcomeViewController.swift; sourceTree = "<group>"; };
		15236B3821BC99DB00AB0762 /* WelcomeViewController.xib */ = {isa = PBXFileReference; lastKnownFileType = file.xib; path = WelcomeViewController.xib; sourceTree = "<group>"; };
		15236B3B21BC9FC500AB0762 /* UserModal.swift */ = {isa = PBXFileReference; lastKnownFileType = sourcecode.swift; path = UserModal.swift; sourceTree = "<group>"; };
		15236B3E21BDB22E00AB0762 /* Status.swift */ = {isa = PBXFileReference; lastKnownFileType = sourcecode.swift; path = Status.swift; sourceTree = "<group>"; };
		15236B4221BDB83900AB0762 /* HomeTableViewCell.swift */ = {isa = PBXFileReference; lastKnownFileType = sourcecode.swift; path = HomeTableViewCell.swift; sourceTree = "<group>"; };
		15236B4321BDB83900AB0762 /* HomeTableViewCell.xib */ = {isa = PBXFileReference; lastKnownFileType = file.xib; path = HomeTableViewCell.xib; sourceTree = "<group>"; };
		15236B4621BDCBF700AB0762 /* NSDate-extension.swift */ = {isa = PBXFileReference; lastKnownFileType = sourcecode.swift; path = "NSDate-extension.swift"; sourceTree = "<group>"; };
		15236B4821BDD40700AB0762 /* User.swift */ = {isa = PBXFileReference; lastKnownFileType = sourcecode.swift; path = User.swift; sourceTree = "<group>"; };
		15236B4A21BDDAC000AB0762 /* StatusViewModal.swift */ = {isa = PBXFileReference; lastKnownFileType = sourcecode.swift; path = StatusViewModal.swift; sourceTree = "<group>"; };
		15720F0521B38929004D97DF /* XLTWeibo.app */ = {isa = PBXFileReference; explicitFileType = wrapper.application; includeInIndex = 0; path = XLTWeibo.app; sourceTree = BUILT_PRODUCTS_DIR; };
		15720F0821B38929004D97DF /* AppDelegate.swift */ = {isa = PBXFileReference; lastKnownFileType = sourcecode.swift; path = AppDelegate.swift; sourceTree = "<group>"; };
		15720F0D21B38929004D97DF /* Base */ = {isa = PBXFileReference; lastKnownFileType = file.storyboard; name = Base; path = Base.lproj/Main.storyboard; sourceTree = "<group>"; };
		15720F0F21B3892A004D97DF /* Assets.xcassets */ = {isa = PBXFileReference; lastKnownFileType = folder.assetcatalog; path = Assets.xcassets; sourceTree = "<group>"; };
		15720F1221B3892A004D97DF /* Base */ = {isa = PBXFileReference; lastKnownFileType = file.storyboard; name = Base; path = Base.lproj/LaunchScreen.storyboard; sourceTree = "<group>"; };
		15720F1421B3892A004D97DF /* Info.plist */ = {isa = PBXFileReference; lastKnownFileType = text.plist.xml; path = Info.plist; sourceTree = "<group>"; };
		1573B1A821B8E59800EBD518 /* AppInfo.swift */ = {isa = PBXFileReference; lastKnownFileType = sourcecode.swift; path = AppInfo.swift; sourceTree = "<group>"; };
		1573B1AB21B8E65900EBD518 /* OAuth2ViewController.swift */ = {isa = PBXFileReference; lastKnownFileType = sourcecode.swift; path = OAuth2ViewController.swift; sourceTree = "<group>"; };
		1573B1AF21B8E9A200EBD518 /* WebKit.framework */ = {isa = PBXFileReference; lastKnownFileType = wrapper.framework; name = WebKit.framework; path = System/Library/Frameworks/WebKit.framework; sourceTree = SDKROOT; };
		1573B1B121B8F7B000EBD518 /* NetWorkingManager.swift */ = {isa = PBXFileReference; lastKnownFileType = sourcecode.swift; path = NetWorkingManager.swift; sourceTree = "<group>"; };
		159DA0BD21B4917600FF1529 /* HomeTableViewController.swift */ = {isa = PBXFileReference; lastKnownFileType = sourcecode.swift; path = HomeTableViewController.swift; sourceTree = "<group>"; };
		159DA0BF21B4918400FF1529 /* DiscoverTableViewController.swift */ = {isa = PBXFileReference; lastKnownFileType = sourcecode.swift; path = DiscoverTableViewController.swift; sourceTree = "<group>"; };
		159DA0C121B4919100FF1529 /* MessageTableViewController.swift */ = {isa = PBXFileReference; lastKnownFileType = sourcecode.swift; path = MessageTableViewController.swift; sourceTree = "<group>"; };
		159DA0C521B4922800FF1529 /* MainViewController.swift */ = {isa = PBXFileReference; lastKnownFileType = sourcecode.swift; path = MainViewController.swift; sourceTree = "<group>"; };
		15C2FC5321B4BC42005526D2 /* ProfileTableViewController.swift */ = {isa = PBXFileReference; lastKnownFileType = sourcecode.swift; path = ProfileTableViewController.swift; sourceTree = "<group>"; };
		15C2FC5621B4BC6D005526D2 /* MainVCSettings.json */ = {isa = PBXFileReference; fileEncoding = 4; lastKnownFileType = text.json; path = MainVCSettings.json; sourceTree = "<group>"; };
		15D720E821B4DB2D00D4F489 /* UIButton-extension.swift */ = {isa = PBXFileReference; lastKnownFileType = sourcecode.swift; path = "UIButton-extension.swift"; sourceTree = "<group>"; };
		15D720EB21B4ECD200D4F489 /* BaseTableViewController.swift */ = {isa = PBXFileReference; lastKnownFileType = sourcecode.swift; path = BaseTableViewController.swift; sourceTree = "<group>"; };
		15D720ED21B4EDA000D4F489 /* VisitorView.swift */ = {isa = PBXFileReference; lastKnownFileType = sourcecode.swift; path = VisitorView.swift; sourceTree = "<group>"; };
		15D720EF21B4F23C00D4F489 /* VisitorView.xib */ = {isa = PBXFileReference; lastKnownFileType = file.xib; path = VisitorView.xib; sourceTree = "<group>"; };
		15D720F121B521EF00D4F489 /* UIBarButtonItem-extension.swift */ = {isa = PBXFileReference; lastKnownFileType = sourcecode.swift; path = "UIBarButtonItem-extension.swift"; sourceTree = "<group>"; };
		15D720F421B5284A00D4F489 /* TitleButton.swift */ = {isa = PBXFileReference; lastKnownFileType = sourcecode.swift; path = TitleButton.swift; sourceTree = "<group>"; };
		15DA4C9321B63F2C009B75A8 /* PopoverViewController.swift */ = {isa = PBXFileReference; lastKnownFileType = sourcecode.swift; path = PopoverViewController.swift; sourceTree = "<group>"; };
		15DA4C9421B63F2C009B75A8 /* PopoverViewController.xib */ = {isa = PBXFileReference; lastKnownFileType = file.xib; path = PopoverViewController.xib; sourceTree = "<group>"; };
		15DA4C9721B640B2009B75A8 /* PopOverPresentationController.swift */ = {isa = PBXFileReference; lastKnownFileType = sourcecode.swift; path = PopOverPresentationController.swift; sourceTree = "<group>"; };
		15DA4C9921B65AA4009B75A8 /* PopOverAnimator.swift */ = {isa = PBXFileReference; lastKnownFileType = sourcecode.swift; path = PopOverAnimator.swift; sourceTree = "<group>"; };
		15F4832821BA289200CA4639 /* UserAccount.swift */ = {isa = PBXFileReference; lastKnownFileType = sourcecode.swift; path = UserAccount.swift; sourceTree = "<group>"; };
		45D119CA17FE9FCD98993FE0 /* Pods_XLTWeibo.framework */ = {isa = PBXFileReference; explicitFileType = wrapper.framework; includeInIndex = 0; path = Pods_XLTWeibo.framework; sourceTree = BUILT_PRODUCTS_DIR; };
		4DD7E0B6525DA0FC78C3BD18 /* Pods-XLTWeibo.debug.xcconfig */ = {isa = PBXFileReference; includeInIndex = 1; lastKnownFileType = text.xcconfig; name = "Pods-XLTWeibo.debug.xcconfig"; path = "Pods/Target Support Files/Pods-XLTWeibo/Pods-XLTWeibo.debug.xcconfig"; sourceTree = "<group>"; };
		FC1EC1C14EBE200DDD764012 /* Pods-XLTWeibo.release.xcconfig */ = {isa = PBXFileReference; includeInIndex = 1; lastKnownFileType = text.xcconfig; name = "Pods-XLTWeibo.release.xcconfig"; path = "Pods/Target Support Files/Pods-XLTWeibo/Pods-XLTWeibo.release.xcconfig"; sourceTree = "<group>"; };
/* End PBXFileReference section */

/* Begin PBXFrameworksBuildPhase section */
		15720F0221B38929004D97DF /* Frameworks */ = {
			isa = PBXFrameworksBuildPhase;
			buildActionMask = 2147483647;
			files = (
				1573B1B021B8E9A300EBD518 /* WebKit.framework in Frameworks */,
				6283AC8B666292218B296949 /* Pods_XLTWeibo.framework in Frameworks */,
			);
			runOnlyForDeploymentPostprocessing = 0;
		};
/* End PBXFrameworksBuildPhase section */

/* Begin PBXGroup section */
		15236B3D21BDB20800AB0762 /* HomeViewModal */ = {
			isa = PBXGroup;
			children = (
				15236B3E21BDB22E00AB0762 /* Status.swift */,
				15236B4821BDD40700AB0762 /* User.swift */,
				15236B4A21BDDAC000AB0762 /* StatusViewModal.swift */,
			);
			path = HomeViewModal;
			sourceTree = "<group>";
		};
		15720EFC21B38929004D97DF = {
			isa = PBXGroup;
			children = (
				15720F0721B38929004D97DF /* XLTWeibo */,
				15720F0621B38929004D97DF /* Products */,
				5F810AFD3A57CEAEA260F6B4 /* Pods */,
				9AAE71C59E2A21B0D55E2C8E /* Frameworks */,
			);
			sourceTree = "<group>";
		};
		15720F0621B38929004D97DF /* Products */ = {
			isa = PBXGroup;
			children = (
				15720F0521B38929004D97DF /* XLTWeibo.app */,
			);
			name = Products;
			sourceTree = "<group>";
		};
		15720F0721B38929004D97DF /* XLTWeibo */ = {
			isa = PBXGroup;
			children = (
				15B8E6A821B392E700E29B8D /* Classes */,
				15D720E721B4DB1200D4F489 /* Tools */,
				15720F0821B38929004D97DF /* AppDelegate.swift */,
				15720F0C21B38929004D97DF /* Main.storyboard */,
				15720F0F21B3892A004D97DF /* Assets.xcassets */,
				15720F1121B3892A004D97DF /* LaunchScreen.storyboard */,
				15720F1421B3892A004D97DF /* Info.plist */,
			);
			path = XLTWeibo;
			sourceTree = "<group>";
		};
		1573B1AA21B8E63100EBD518 /* OAuth2 */ = {
			isa = PBXGroup;
			children = (
				1573B1AB21B8E65900EBD518 /* OAuth2ViewController.swift */,
				15F4832821BA289200CA4639 /* UserAccount.swift */,
				15236B3B21BC9FC500AB0762 /* UserModal.swift */,
				15236B3721BC99DB00AB0762 /* WelcomeViewController.swift */,
				15236B3821BC99DB00AB0762 /* WelcomeViewController.xib */,
			);
			path = OAuth2;
			sourceTree = "<group>";
		};
		15B8E6A821B392E700E29B8D /* Classes */ = {
			isa = PBXGroup;
			children = (
				1573B1AA21B8E63100EBD518 /* OAuth2 */,
				15D720EA21B4ECBF00D4F489 /* Base */,
				15B8E6AD21B392E700E29B8D /* Main */,
				15B8E6A921B392E700E29B8D /* Home */,
				15B8E6AA21B392E700E29B8D /* Discover */,
				15B8E6AB21B392E700E29B8D /* Message */,
				15B8E6AC21B392E700E29B8D /* Profile */,
			);
			path = Classes;
			sourceTree = "<group>";
		};
		15B8E6A921B392E700E29B8D /* Home */ = {
			isa = PBXGroup;
			children = (
				15236B3D21BDB20800AB0762 /* HomeViewModal */,
				159DA0BD21B4917600FF1529 /* HomeTableViewController.swift */,
				15DA4C9021B63EB3009B75A8 /* Popover */,
				15236B4221BDB83900AB0762 /* HomeTableViewCell.swift */,
				15236B4321BDB83900AB0762 /* HomeTableViewCell.xib */,
			);
			path = Home;
			sourceTree = "<group>";
		};
		15B8E6AA21B392E700E29B8D /* Discover */ = {
			isa = PBXGroup;
			children = (
				159DA0BF21B4918400FF1529 /* DiscoverTableViewController.swift */,
			);
			path = Discover;
			sourceTree = "<group>";
		};
		15B8E6AB21B392E700E29B8D /* Message */ = {
			isa = PBXGroup;
			children = (
				159DA0C121B4919100FF1529 /* MessageTableViewController.swift */,
			);
			path = Message;
			sourceTree = "<group>";
		};
		15B8E6AC21B392E700E29B8D /* Profile */ = {
			isa = PBXGroup;
			children = (
				15C2FC5321B4BC42005526D2 /* ProfileTableViewController.swift */,
			);
			path = Profile;
			sourceTree = "<group>";
		};
		15B8E6AD21B392E700E29B8D /* Main */ = {
			isa = PBXGroup;
			children = (
				159DA0C521B4922800FF1529 /* MainViewController.swift */,
				15C2FC5521B4BC6D005526D2 /* Resource */,
			);
			path = Main;
			sourceTree = "<group>";
		};
		15C2FC5521B4BC6D005526D2 /* Resource */ = {
			isa = PBXGroup;
			children = (
				15C2FC5621B4BC6D005526D2 /* MainVCSettings.json */,
			);
			path = Resource;
			sourceTree = "<group>";
		};
		15D720E721B4DB1200D4F489 /* Tools */ = {
			isa = PBXGroup;
			children = (
				15D720F321B5282700D4F489 /* Catagery */,
				15D720F421B5284A00D4F489 /* TitleButton.swift */,
				1573B1A821B8E59800EBD518 /* AppInfo.swift */,
				1573B1B121B8F7B000EBD518 /* NetWorkingManager.swift */,
			);
			name = Tools;
			path = XLTWeibo/Tools;
			sourceTree = SOURCE_ROOT;
		};
		15D720EA21B4ECBF00D4F489 /* Base */ = {
			isa = PBXGroup;
			children = (
				15D720EB21B4ECD200D4F489 /* BaseTableViewController.swift */,
				15D720ED21B4EDA000D4F489 /* VisitorView.swift */,
				15D720EF21B4F23C00D4F489 /* VisitorView.xib */,
			);
			path = Base;
			sourceTree = "<group>";
		};
		15D720F321B5282700D4F489 /* Catagery */ = {
			isa = PBXGroup;
			children = (
				15D720E821B4DB2D00D4F489 /* UIButton-extension.swift */,
				15D720F121B521EF00D4F489 /* UIBarButtonItem-extension.swift */,
				15236B4621BDCBF700AB0762 /* NSDate-extension.swift */,
			);
			path = Catagery;
			sourceTree = "<group>";
		};
		15DA4C9021B63EB3009B75A8 /* Popover */ = {
			isa = PBXGroup;
			children = (
				15DA4C9321B63F2C009B75A8 /* PopoverViewController.swift */,
				15DA4C9421B63F2C009B75A8 /* PopoverViewController.xib */,
				15DA4C9721B640B2009B75A8 /* PopOverPresentationController.swift */,
				15DA4C9921B65AA4009B75A8 /* PopOverAnimator.swift */,
			);
			path = Popover;
			sourceTree = "<group>";
		};
		5F810AFD3A57CEAEA260F6B4 /* Pods */ = {
			isa = PBXGroup;
			children = (
				4DD7E0B6525DA0FC78C3BD18 /* Pods-XLTWeibo.debug.xcconfig */,
				FC1EC1C14EBE200DDD764012 /* Pods-XLTWeibo.release.xcconfig */,
			);
			name = Pods;
			sourceTree = "<group>";
		};
		9AAE71C59E2A21B0D55E2C8E /* Frameworks */ = {
			isa = PBXGroup;
			children = (
				1573B1AF21B8E9A200EBD518 /* WebKit.framework */,
				45D119CA17FE9FCD98993FE0 /* Pods_XLTWeibo.framework */,
			);
			name = Frameworks;
			sourceTree = "<group>";
		};
/* End PBXGroup section */

/* Begin PBXNativeTarget section */
		15720F0421B38929004D97DF /* XLTWeibo */ = {
			isa = PBXNativeTarget;
			buildConfigurationList = 15720F1721B3892A004D97DF /* Build configuration list for PBXNativeTarget "XLTWeibo" */;
			buildPhases = (
				34B8B96D8C59658A813C96F3 /* [CP] Check Pods Manifest.lock */,
				15720F0121B38929004D97DF /* Sources */,
				15720F0221B38929004D97DF /* Frameworks */,
				15720F0321B38929004D97DF /* Resources */,
				39982C14852978FDFAF132FB /* [CP] Embed Pods Frameworks */,
			);
			buildRules = (
			);
			dependencies = (
			);
			name = XLTWeibo;
			productName = XLTWeibo;
			productReference = 15720F0521B38929004D97DF /* XLTWeibo.app */;
			productType = "com.apple.product-type.application";
		};
/* End PBXNativeTarget section */

/* Begin PBXProject section */
		15720EFD21B38929004D97DF /* Project object */ = {
			isa = PBXProject;
			attributes = {
				LastSwiftUpdateCheck = 0930;
				LastUpgradeCheck = 0930;
				ORGANIZATIONNAME = "Xiaolu Tian";
				TargetAttributes = {
					15720F0421B38929004D97DF = {
						CreatedOnToolsVersion = 9.3;
					};
				};
			};
			buildConfigurationList = 15720F0021B38929004D97DF /* Build configuration list for PBXProject "XLTWeibo" */;
			compatibilityVersion = "Xcode 9.3";
			developmentRegion = en;
			hasScannedForEncodings = 0;
			knownRegions = (
				en,
				Base,
			);
			mainGroup = 15720EFC21B38929004D97DF;
			productRefGroup = 15720F0621B38929004D97DF /* Products */;
			projectDirPath = "";
			projectRoot = "";
			targets = (
				15720F0421B38929004D97DF /* XLTWeibo */,
			);
		};
/* End PBXProject section */

/* Begin PBXResourcesBuildPhase section */
		15720F0321B38929004D97DF /* Resources */ = {
			isa = PBXResourcesBuildPhase;
			buildActionMask = 2147483647;
			files = (
				15C2FC5721B4BC6D005526D2 /* MainVCSettings.json in Resources */,
				15236B3A21BC99DB00AB0762 /* WelcomeViewController.xib in Resources */,
				15236B4521BDB83900AB0762 /* HomeTableViewCell.xib in Resources */,
				15D720F021B4F23C00D4F489 /* VisitorView.xib in Resources */,
				15DA4C9621B63F2C009B75A8 /* PopoverViewController.xib in Resources */,
				15720F1321B3892A004D97DF /* LaunchScreen.storyboard in Resources */,
				15720F1021B3892A004D97DF /* Assets.xcassets in Resources */,
				15720F0E21B38929004D97DF /* Main.storyboard in Resources */,
			);
			runOnlyForDeploymentPostprocessing = 0;
		};
/* End PBXResourcesBuildPhase section */

/* Begin PBXShellScriptBuildPhase section */
		34B8B96D8C59658A813C96F3 /* [CP] Check Pods Manifest.lock */ = {
			isa = PBXShellScriptBuildPhase;
			buildActionMask = 2147483647;
			files = (
			);
			inputPaths = (
				"${PODS_PODFILE_DIR_PATH}/Podfile.lock",
				"${PODS_ROOT}/Manifest.lock",
			);
			name = "[CP] Check Pods Manifest.lock";
			outputPaths = (
				"$(DERIVED_FILE_DIR)/Pods-XLTWeibo-checkManifestLockResult.txt",
			);
			runOnlyForDeploymentPostprocessing = 0;
			shellPath = /bin/sh;
			shellScript = "diff \"${PODS_PODFILE_DIR_PATH}/Podfile.lock\" \"${PODS_ROOT}/Manifest.lock\" > /dev/null\nif [ $? != 0 ] ; then\n    # print error to STDERR\n    echo \"error: The sandbox is not in sync with the Podfile.lock. Run 'pod install' or update your CocoaPods installation.\" >&2\n    exit 1\nfi\n# This output is used by Xcode 'outputs' to avoid re-running this script phase.\necho \"SUCCESS\" > \"${SCRIPT_OUTPUT_FILE_0}\"\n";
			showEnvVarsInLog = 0;
		};
		39982C14852978FDFAF132FB /* [CP] Embed Pods Frameworks */ = {
			isa = PBXShellScriptBuildPhase;
			buildActionMask = 2147483647;
			files = (
			);
			inputPaths = (
				"${SRCROOT}/Pods/Target Support Files/Pods-XLTWeibo/Pods-XLTWeibo-frameworks.sh",
				"${BUILT_PRODUCTS_DIR}/AFNetworking/AFNetworking.framework",
				"${BUILT_PRODUCTS_DIR}/SDWebImage/SDWebImage.framework",
				"${BUILT_PRODUCTS_DIR}/SVProgressHUD/SVProgressHUD.framework",
				"${BUILT_PRODUCTS_DIR}/SnapKit/SnapKit.framework",
			);
			name = "[CP] Embed Pods Frameworks";
			outputPaths = (
				"${TARGET_BUILD_DIR}/${FRAMEWORKS_FOLDER_PATH}/AFNetworking.framework",
				"${TARGET_BUILD_DIR}/${FRAMEWORKS_FOLDER_PATH}/SDWebImage.framework",
				"${TARGET_BUILD_DIR}/${FRAMEWORKS_FOLDER_PATH}/SVProgressHUD.framework",
				"${TARGET_BUILD_DIR}/${FRAMEWORKS_FOLDER_PATH}/SnapKit.framework",
			);
			runOnlyForDeploymentPostprocessing = 0;
			shellPath = /bin/sh;
			shellScript = "\"${SRCROOT}/Pods/Target Support Files/Pods-XLTWeibo/Pods-XLTWeibo-frameworks.sh\"\n";
			showEnvVarsInLog = 0;
		};
/* End PBXShellScriptBuildPhase section */

/* Begin PBXSourcesBuildPhase section */
		15720F0121B38929004D97DF /* Sources */ = {
			isa = PBXSourcesBuildPhase;
			buildActionMask = 2147483647;
			files = (
				15C2FC5421B4BC42005526D2 /* ProfileTableViewController.swift in Sources */,
				159DA0BE21B4917600FF1529 /* HomeTableViewController.swift in Sources */,
				15236B4B21BDDAC000AB0762 /* StatusViewModal.swift in Sources */,
				15236B3F21BDB22E00AB0762 /* Status.swift in Sources */,
				15F4832921BA289200CA4639 /* UserAccount.swift in Sources */,
				1573B1A921B8E59800EBD518 /* AppInfo.swift in Sources */,
				15D720EC21B4ECD200D4F489 /* BaseTableViewController.swift in Sources */,
				15236B4721BDCBF700AB0762 /* NSDate-extension.swift in Sources */,
				15D720E921B4DB2D00D4F489 /* UIButton-extension.swift in Sources */,
				15DA4C9A21B65AA4009B75A8 /* PopOverAnimator.swift in Sources */,
				15DA4C9521B63F2C009B75A8 /* PopoverViewController.swift in Sources */,
				1573B1AC21B8E65900EBD518 /* OAuth2ViewController.swift in Sources */,
				1573B1B221B8F7B000EBD518 /* NetWorkingManager.swift in Sources */,
				15236B3C21BC9FC500AB0762 /* UserModal.swift in Sources */,
				15D720F521B5284A00D4F489 /* TitleButton.swift in Sources */,
				15D720F221B521EF00D4F489 /* UIBarButtonItem-extension.swift in Sources */,
				159DA0C021B4918400FF1529 /* DiscoverTableViewController.swift in Sources */,
				15DA4C9821B640B2009B75A8 /* PopOverPresentationController.swift in Sources */,
				15236B4421BDB83900AB0762 /* HomeTableViewCell.swift in Sources */,
				159DA0C621B4922800FF1529 /* MainViewController.swift in Sources */,
				159DA0C221B4919100FF1529 /* MessageTableViewController.swift in Sources */,
				15236B4921BDD40700AB0762 /* User.swift in Sources */,
				15D720EE21B4EDA000D4F489 /* VisitorView.swift in Sources */,
				15720F0921B38929004D97DF /* AppDelegate.swift in Sources */,
				15236B3921BC99DB00AB0762 /* WelcomeViewController.swift in Sources */,
			);
			runOnlyForDeploymentPostprocessing = 0;
		};
/* End PBXSourcesBuildPhase section */

/* Begin PBXVariantGroup section */
		15720F0C21B38929004D97DF /* Main.storyboard */ = {
			isa = PBXVariantGroup;
			children = (
				15720F0D21B38929004D97DF /* Base */,
			);
			name = Main.storyboard;
			sourceTree = "<group>";
		};
		15720F1121B3892A004D97DF /* LaunchScreen.storyboard */ = {
			isa = PBXVariantGroup;
			children = (
				15720F1221B3892A004D97DF /* Base */,
			);
			name = LaunchScreen.storyboard;
			sourceTree = "<group>";
		};
/* End PBXVariantGroup section */

/* Begin XCBuildConfiguration section */
		15720F1521B3892A004D97DF /* Debug */ = {
			isa = XCBuildConfiguration;
			buildSettings = {
				ALWAYS_SEARCH_USER_PATHS = NO;
				CLANG_ANALYZER_NONNULL = YES;
				CLANG_ANALYZER_NUMBER_OBJECT_CONVERSION = YES_AGGRESSIVE;
				CLANG_CXX_LANGUAGE_STANDARD = "gnu++14";
				CLANG_CXX_LIBRARY = "libc++";
				CLANG_ENABLE_MODULES = YES;
				CLANG_ENABLE_OBJC_ARC = YES;
				CLANG_ENABLE_OBJC_WEAK = YES;
				CLANG_WARN_BLOCK_CAPTURE_AUTORELEASING = YES;
				CLANG_WARN_BOOL_CONVERSION = YES;
				CLANG_WARN_COMMA = YES;
				CLANG_WARN_CONSTANT_CONVERSION = YES;
				CLANG_WARN_DEPRECATED_OBJC_IMPLEMENTATIONS = YES;
				CLANG_WARN_DIRECT_OBJC_ISA_USAGE = YES_ERROR;
				CLANG_WARN_DOCUMENTATION_COMMENTS = YES;
				CLANG_WARN_EMPTY_BODY = YES;
				CLANG_WARN_ENUM_CONVERSION = YES;
				CLANG_WARN_INFINITE_RECURSION = YES;
				CLANG_WARN_INT_CONVERSION = YES;
				CLANG_WARN_NON_LITERAL_NULL_CONVERSION = YES;
				CLANG_WARN_OBJC_IMPLICIT_RETAIN_SELF = YES;
				CLANG_WARN_OBJC_LITERAL_CONVERSION = YES;
				CLANG_WARN_OBJC_ROOT_CLASS = YES_ERROR;
				CLANG_WARN_RANGE_LOOP_ANALYSIS = YES;
				CLANG_WARN_STRICT_PROTOTYPES = YES;
				CLANG_WARN_SUSPICIOUS_MOVE = YES;
				CLANG_WARN_UNGUARDED_AVAILABILITY = YES_AGGRESSIVE;
				CLANG_WARN_UNREACHABLE_CODE = YES;
				CLANG_WARN__DUPLICATE_METHOD_MATCH = YES;
				CODE_SIGN_IDENTITY = "iPhone Developer";
				COPY_PHASE_STRIP = NO;
				DEBUG_INFORMATION_FORMAT = dwarf;
				ENABLE_STRICT_OBJC_MSGSEND = YES;
				ENABLE_TESTABILITY = YES;
				GCC_C_LANGUAGE_STANDARD = gnu11;
				GCC_DYNAMIC_NO_PIC = NO;
				GCC_NO_COMMON_BLOCKS = YES;
				GCC_OPTIMIZATION_LEVEL = 0;
				GCC_PREPROCESSOR_DEFINITIONS = (
					"DEBUG=1",
					"$(inherited)",
				);
				GCC_WARN_64_TO_32_BIT_CONVERSION = YES;
				GCC_WARN_ABOUT_RETURN_TYPE = YES_ERROR;
				GCC_WARN_UNDECLARED_SELECTOR = YES;
				GCC_WARN_UNINITIALIZED_AUTOS = YES_AGGRESSIVE;
				GCC_WARN_UNUSED_FUNCTION = YES;
				GCC_WARN_UNUSED_VARIABLE = YES;
				IPHONEOS_DEPLOYMENT_TARGET = 11.3;
				MTL_ENABLE_DEBUG_INFO = YES;
				ONLY_ACTIVE_ARCH = YES;
				SDKROOT = iphoneos;
				SWIFT_ACTIVE_COMPILATION_CONDITIONS = DEBUG;
				SWIFT_OPTIMIZATION_LEVEL = "-Onone";
			};
			name = Debug;
		};
		15720F1621B3892A004D97DF /* Release */ = {
			isa = XCBuildConfiguration;
			buildSettings = {
				ALWAYS_SEARCH_USER_PATHS = NO;
				CLANG_ANALYZER_NONNULL = YES;
				CLANG_ANALYZER_NUMBER_OBJECT_CONVERSION = YES_AGGRESSIVE;
				CLANG_CXX_LANGUAGE_STANDARD = "gnu++14";
				CLANG_CXX_LIBRARY = "libc++";
				CLANG_ENABLE_MODULES = YES;
				CLANG_ENABLE_OBJC_ARC = YES;
				CLANG_ENABLE_OBJC_WEAK = YES;
				CLANG_WARN_BLOCK_CAPTURE_AUTORELEASING = YES;
				CLANG_WARN_BOOL_CONVERSION = YES;
				CLANG_WARN_COMMA = YES;
				CLANG_WARN_CONSTANT_CONVERSION = YES;
				CLANG_WARN_DEPRECATED_OBJC_IMPLEMENTATIONS = YES;
				CLANG_WARN_DIRECT_OBJC_ISA_USAGE = YES_ERROR;
				CLANG_WARN_DOCUMENTATION_COMMENTS = YES;
				CLANG_WARN_EMPTY_BODY = YES;
				CLANG_WARN_ENUM_CONVERSION = YES;
				CLANG_WARN_INFINITE_RECURSION = YES;
				CLANG_WARN_INT_CONVERSION = YES;
				CLANG_WARN_NON_LITERAL_NULL_CONVERSION = YES;
				CLANG_WARN_OBJC_IMPLICIT_RETAIN_SELF = YES;
				CLANG_WARN_OBJC_LITERAL_CONVERSION = YES;
				CLANG_WARN_OBJC_ROOT_CLASS = YES_ERROR;
				CLANG_WARN_RANGE_LOOP_ANALYSIS = YES;
				CLANG_WARN_STRICT_PROTOTYPES = YES;
				CLANG_WARN_SUSPICIOUS_MOVE = YES;
				CLANG_WARN_UNGUARDED_AVAILABILITY = YES_AGGRESSIVE;
				CLANG_WARN_UNREACHABLE_CODE = YES;
				CLANG_WARN__DUPLICATE_METHOD_MATCH = YES;
				CODE_SIGN_IDENTITY = "iPhone Developer";
				COPY_PHASE_STRIP = NO;
				DEBUG_INFORMATION_FORMAT = "dwarf-with-dsym";
				ENABLE_NS_ASSERTIONS = NO;
				ENABLE_STRICT_OBJC_MSGSEND = YES;
				GCC_C_LANGUAGE_STANDARD = gnu11;
				GCC_NO_COMMON_BLOCKS = YES;
				GCC_WARN_64_TO_32_BIT_CONVERSION = YES;
				GCC_WARN_ABOUT_RETURN_TYPE = YES_ERROR;
				GCC_WARN_UNDECLARED_SELECTOR = YES;
				GCC_WARN_UNINITIALIZED_AUTOS = YES_AGGRESSIVE;
				GCC_WARN_UNUSED_FUNCTION = YES;
				GCC_WARN_UNUSED_VARIABLE = YES;
				IPHONEOS_DEPLOYMENT_TARGET = 11.3;
				MTL_ENABLE_DEBUG_INFO = NO;
				SDKROOT = iphoneos;
				SWIFT_COMPILATION_MODE = wholemodule;
				SWIFT_OPTIMIZATION_LEVEL = "-O";
				VALIDATE_PRODUCT = YES;
			};
			name = Release;
		};
		15720F1821B3892A004D97DF /* Debug */ = {
			isa = XCBuildConfiguration;
			baseConfigurationReference = 4DD7E0B6525DA0FC78C3BD18 /* Pods-XLTWeibo.debug.xcconfig */;
			buildSettings = {
				ASSETCATALOG_COMPILER_APPICON_NAME = AppIcon;
				ASSETCATALOG_COMPILER_LAUNCHIMAGE_NAME = LaunchImage;
				CODE_SIGN_IDENTITY = "iPhone Developer";
				CODE_SIGN_STYLE = Automatic;
				DEVELOPMENT_TEAM = P68JQ97L97;
				INFOPLIST_FILE = XLTWeibo/Info.plist;
				LD_RUNPATH_SEARCH_PATHS = (
					"$(inherited)",
					"@executable_path/Frameworks",
				);
				PRODUCT_BUNDLE_IDENTIFIER = com.xlt.XLTWeibo;
				PRODUCT_NAME = "$(TARGET_NAME)";
				PROVISIONING_PROFILE_SPECIFIER = "";
				SWIFT_VERSION = 4.0;
				TARGETED_DEVICE_FAMILY = "1,2";
			};
			name = Debug;
		};
		15720F1921B3892A004D97DF /* Release */ = {
			isa = XCBuildConfiguration;
			baseConfigurationReference = FC1EC1C14EBE200DDD764012 /* Pods-XLTWeibo.release.xcconfig */;
			buildSettings = {
				ASSETCATALOG_COMPILER_APPICON_NAME = AppIcon;
				ASSETCATALOG_COMPILER_LAUNCHIMAGE_NAME = LaunchImage;
				CODE_SIGN_IDENTITY = "iPhone Developer";
				CODE_SIGN_STYLE = Automatic;
				DEVELOPMENT_TEAM = P68JQ97L97;
				INFOPLIST_FILE = XLTWeibo/Info.plist;
				LD_RUNPATH_SEARCH_PATHS = (
					"$(inherited)",
					"@executable_path/Frameworks",
				);
				PRODUCT_BUNDLE_IDENTIFIER = com.xlt.XLTWeibo;
				PRODUCT_NAME = "$(TARGET_NAME)";
				PROVISIONING_PROFILE_SPECIFIER = "";
				SWIFT_VERSION = 4.0;
				TARGETED_DEVICE_FAMILY = "1,2";
			};
			name = Release;
		};
/* End XCBuildConfiguration section */

/* Begin XCConfigurationList section */
		15720F0021B38929004D97DF /* Build configuration list for PBXProject "XLTWeibo" */ = {
			isa = XCConfigurationList;
			buildConfigurations = (
				15720F1521B3892A004D97DF /* Debug */,
				15720F1621B3892A004D97DF /* Release */,
			);
			defaultConfigurationIsVisible = 0;
			defaultConfigurationName = Release;
		};
		15720F1721B3892A004D97DF /* Build configuration list for PBXNativeTarget "XLTWeibo" */ = {
			isa = XCConfigurationList;
			buildConfigurations = (
				15720F1821B3892A004D97DF /* Debug */,
				15720F1921B3892A004D97DF /* Release */,
			);
			defaultConfigurationIsVisible = 0;
			defaultConfigurationName = Release;
		};
/* End XCConfigurationList section */
	};
	rootObject = 15720EFD21B38929004D97DF /* Project object */;
}
